// !$*UTF8*$!
{
	archiveVersion = 1;
	classes = {
	};
	objectVersion = 56;
	objects = {

/* Begin PBXBuildFile section */
		7AE89FF129798F1E006D5582 /* TheBrewBoardApp.swift in Sources */ = {isa = PBXBuildFile; fileRef = 7AE89FF029798F1E006D5582 /* TheBrewBoardApp.swift */; };
		7AE89FF329798F1E006D5582 /* ContentView.swift in Sources */ = {isa = PBXBuildFile; fileRef = 7AE89FF229798F1E006D5582 /* ContentView.swift */; };
		7AE89FF529798F1F006D5582 /* Assets.xcassets in Resources */ = {isa = PBXBuildFile; fileRef = 7AE89FF429798F1F006D5582 /* Assets.xcassets */; };
		7AE89FF829798F1F006D5582 /* Preview Assets.xcassets in Resources */ = {isa = PBXBuildFile; fileRef = 7AE89FF729798F1F006D5582 /* Preview Assets.xcassets */; };
		7AE89FFA29798F1F006D5582 /* Persistence.swift in Sources */ = {isa = PBXBuildFile; fileRef = 7AE89FF929798F1F006D5582 /* Persistence.swift */; };
		7AE89FFD29798F1F006D5582 /* TheBrewBoard.xcdatamodeld in Sources */ = {isa = PBXBuildFile; fileRef = 7AE89FFB29798F1F006D5582 /* TheBrewBoard.xcdatamodeld */; };
		7AE8A00C2979A468006D5582 /* Beer.swift in Sources */ = {isa = PBXBuildFile; fileRef = 7AE8A00B2979A468006D5582 /* Beer.swift */; };
		7AE8A00E2979BAA3006D5582 /* BeerMock.swift in Sources */ = {isa = PBXBuildFile; fileRef = 7AE8A00D2979BAA3006D5582 /* BeerMock.swift */; };
		7AE8A0102979BF95006D5582 /* BeersMock.json in Resources */ = {isa = PBXBuildFile; fileRef = 7AE8A00F2979BF95006D5582 /* BeersMock.json */; };
		7AE8A0152979C264006D5582 /* RequestProtocol.swift in Sources */ = {isa = PBXBuildFile; fileRef = 7AE8A0142979C264006D5582 /* RequestProtocol.swift */; };
		7AE8A0172979C41C006D5582 /* RequestType.swift in Sources */ = {isa = PBXBuildFile; fileRef = 7AE8A0162979C41C006D5582 /* RequestType.swift */; };
/* End PBXBuildFile section */

/* Begin PBXFileReference section */
		7AE89FED29798F1E006D5582 /* TheBrewBoard.app */ = {isa = PBXFileReference; explicitFileType = wrapper.application; includeInIndex = 0; path = TheBrewBoard.app; sourceTree = BUILT_PRODUCTS_DIR; };
		7AE89FF029798F1E006D5582 /* TheBrewBoardApp.swift */ = {isa = PBXFileReference; lastKnownFileType = sourcecode.swift; path = TheBrewBoardApp.swift; sourceTree = "<group>"; };
		7AE89FF229798F1E006D5582 /* ContentView.swift */ = {isa = PBXFileReference; lastKnownFileType = sourcecode.swift; path = ContentView.swift; sourceTree = "<group>"; };
		7AE89FF429798F1F006D5582 /* Assets.xcassets */ = {isa = PBXFileReference; lastKnownFileType = folder.assetcatalog; path = Assets.xcassets; sourceTree = "<group>"; };
		7AE89FF729798F1F006D5582 /* Preview Assets.xcassets */ = {isa = PBXFileReference; lastKnownFileType = folder.assetcatalog; path = "Preview Assets.xcassets"; sourceTree = "<group>"; };
		7AE89FF929798F1F006D5582 /* Persistence.swift */ = {isa = PBXFileReference; lastKnownFileType = sourcecode.swift; path = Persistence.swift; sourceTree = "<group>"; };
		7AE89FFC29798F1F006D5582 /* TheBrewBoard.xcdatamodel */ = {isa = PBXFileReference; lastKnownFileType = wrapper.xcdatamodel; path = TheBrewBoard.xcdatamodel; sourceTree = "<group>"; };
		7AE8A00B2979A468006D5582 /* Beer.swift */ = {isa = PBXFileReference; lastKnownFileType = sourcecode.swift; path = Beer.swift; sourceTree = "<group>"; };
		7AE8A00D2979BAA3006D5582 /* BeerMock.swift */ = {isa = PBXFileReference; lastKnownFileType = sourcecode.swift; path = BeerMock.swift; sourceTree = "<group>"; };
		7AE8A00F2979BF95006D5582 /* BeersMock.json */ = {isa = PBXFileReference; lastKnownFileType = text.json; path = BeersMock.json; sourceTree = "<group>"; };
		7AE8A0142979C264006D5582 /* RequestProtocol.swift */ = {isa = PBXFileReference; lastKnownFileType = sourcecode.swift; path = RequestProtocol.swift; sourceTree = "<group>"; };
		7AE8A0162979C41C006D5582 /* RequestType.swift */ = {isa = PBXFileReference; lastKnownFileType = sourcecode.swift; path = RequestType.swift; sourceTree = "<group>"; };
/* End PBXFileReference section */

/* Begin PBXFrameworksBuildPhase section */
		7AE89FEA29798F1E006D5582 /* Frameworks */ = {
			isa = PBXFrameworksBuildPhase;
			buildActionMask = 2147483647;
			files = (
			);
			runOnlyForDeploymentPostprocessing = 0;
		};
/* End PBXFrameworksBuildPhase section */

/* Begin PBXGroup section */
		7AE89FE429798F1E006D5582 = {
			isa = PBXGroup;
			children = (
				7AE89FEF29798F1E006D5582 /* TheBrewBoard */,
				7AE89FEE29798F1E006D5582 /* Products */,
			);
			sourceTree = "<group>";
		};
		7AE89FEE29798F1E006D5582 /* Products */ = {
			isa = PBXGroup;
			children = (
				7AE89FED29798F1E006D5582 /* TheBrewBoard.app */,
			);
			name = Products;
			sourceTree = "<group>";
		};
		7AE89FEF29798F1E006D5582 /* TheBrewBoard */ = {
			isa = PBXGroup;
			children = (
				7AE8A00729798F7E006D5582 /* DIYDogDetail */,
				7AE8A00629798F65006D5582 /* Search */,
				7AE8A00529798F4A006D5582 /* FavouriteDIYDogs */,
				7AE8A00429798F3C006D5582 /* DIYDogs */,
				7AE8A00329798F31006D5582 /* Core */,
				7AE89FF029798F1E006D5582 /* TheBrewBoardApp.swift */,
				7AE89FF229798F1E006D5582 /* ContentView.swift */,
				7AE89FF429798F1F006D5582 /* Assets.xcassets */,
				7AE89FF929798F1F006D5582 /* Persistence.swift */,
				7AE89FFB29798F1F006D5582 /* TheBrewBoard.xcdatamodeld */,
				7AE89FF629798F1F006D5582 /* Preview Content */,
			);
			path = TheBrewBoard;
			sourceTree = "<group>";
		};
		7AE89FF629798F1F006D5582 /* Preview Content */ = {
			isa = PBXGroup;
			children = (
				7AE89FF729798F1F006D5582 /* Preview Assets.xcassets */,
				7AE8A00F2979BF95006D5582 /* BeersMock.json */,
			);
			path = "Preview Content";
			sourceTree = "<group>";
		};
		7AE8A00329798F31006D5582 /* Core */ = {
			isa = PBXGroup;
			children = (
				7AE8A0112979C192006D5582 /* data */,
				7AE8A00829799002006D5582 /* domain */,
			);
			path = Core;
			sourceTree = "<group>";
		};
		7AE8A00429798F3C006D5582 /* DIYDogs */ = {
			isa = PBXGroup;
			children = (
			);
			path = DIYDogs;
			sourceTree = "<group>";
		};
		7AE8A00529798F4A006D5582 /* FavouriteDIYDogs */ = {
			isa = PBXGroup;
			children = (
			);
			path = FavouriteDIYDogs;
			sourceTree = "<group>";
		};
		7AE8A00629798F65006D5582 /* Search */ = {
			isa = PBXGroup;
			children = (
			);
			path = Search;
			sourceTree = "<group>";
		};
		7AE8A00729798F7E006D5582 /* DIYDogDetail */ = {
			isa = PBXGroup;
			children = (
			);
			path = DIYDogDetail;
			sourceTree = "<group>";
		};
		7AE8A00829799002006D5582 /* domain */ = {
			isa = PBXGroup;
			children = (
				7AE8A009297996F8006D5582 /* model */,
			);
			path = domain;
			sourceTree = "<group>";
		};
		7AE8A009297996F8006D5582 /* model */ = {
			isa = PBXGroup;
			children = (
				7AE8A00A297996FD006D5582 /* diydog */,
			);
			path = model;
			sourceTree = "<group>";
		};
		7AE8A00A297996FD006D5582 /* diydog */ = {
			isa = PBXGroup;
			children = (
				7AE8A00B2979A468006D5582 /* Beer.swift */,
				7AE8A00D2979BAA3006D5582 /* BeerMock.swift */,
			);
			path = diydog;
			sourceTree = "<group>";
		};
		7AE8A0112979C192006D5582 /* data */ = {
			isa = PBXGroup;
			children = (
				7AE8A0122979C1B6006D5582 /* api */,
			);
			path = data;
			sourceTree = "<group>";
		};
		7AE8A0122979C1B6006D5582 /* api */ = {
			isa = PBXGroup;
			children = (
				7AE8A0132979C1E9006D5582 /* request */,
			);
			path = api;
			sourceTree = "<group>";
		};
		7AE8A0132979C1E9006D5582 /* request */ = {
			isa = PBXGroup;
			children = (
				7AE8A0142979C264006D5582 /* RequestProtocol.swift */,
				7AE8A0162979C41C006D5582 /* RequestType.swift */,
			);
			path = request;
			sourceTree = "<group>";
		};
/* End PBXGroup section */

/* Begin PBXNativeTarget section */
		7AE89FEC29798F1E006D5582 /* TheBrewBoard */ = {
			isa = PBXNativeTarget;
			buildConfigurationList = 7AE8A00029798F1F006D5582 /* Build configuration list for PBXNativeTarget "TheBrewBoard" */;
			buildPhases = (
				7AE89FE929798F1E006D5582 /* Sources */,
				7AE89FEA29798F1E006D5582 /* Frameworks */,
				7AE89FEB29798F1E006D5582 /* Resources */,
			);
			buildRules = (
			);
			dependencies = (
			);
			name = TheBrewBoard;
			productName = TheBrewBoard;
			productReference = 7AE89FED29798F1E006D5582 /* TheBrewBoard.app */;
			productType = "com.apple.product-type.application";
		};
/* End PBXNativeTarget section */

/* Begin PBXProject section */
		7AE89FE529798F1E006D5582 /* Project object */ = {
			isa = PBXProject;
			attributes = {
				BuildIndependentTargetsInParallel = 1;
				LastSwiftUpdateCheck = 1410;
				LastUpgradeCheck = 1410;
				TargetAttributes = {
					7AE89FEC29798F1E006D5582 = {
						CreatedOnToolsVersion = 14.1;
					};
				};
			};
			buildConfigurationList = 7AE89FE829798F1E006D5582 /* Build configuration list for PBXProject "TheBrewBoard" */;
			compatibilityVersion = "Xcode 14.0";
			developmentRegion = en;
			hasScannedForEncodings = 0;
			knownRegions = (
				en,
				Base,
			);
			mainGroup = 7AE89FE429798F1E006D5582;
			productRefGroup = 7AE89FEE29798F1E006D5582 /* Products */;
			projectDirPath = "";
			projectRoot = "";
			targets = (
				7AE89FEC29798F1E006D5582 /* TheBrewBoard */,
			);
		};
/* End PBXProject section */

/* Begin PBXResourcesBuildPhase section */
		7AE89FEB29798F1E006D5582 /* Resources */ = {
			isa = PBXResourcesBuildPhase;
			buildActionMask = 2147483647;
			files = (
				7AE89FF829798F1F006D5582 /* Preview Assets.xcassets in Resources */,
				7AE8A0102979BF95006D5582 /* BeersMock.json in Resources */,
				7AE89FF529798F1F006D5582 /* Assets.xcassets in Resources */,
			);
			runOnlyForDeploymentPostprocessing = 0;
		};
/* End PBXResourcesBuildPhase section */

/* Begin PBXSourcesBuildPhase section */
		7AE89FE929798F1E006D5582 /* Sources */ = {
			isa = PBXSourcesBuildPhase;
			buildActionMask = 2147483647;
			files = (
				7AE89FFA29798F1F006D5582 /* Persistence.swift in Sources */,
				7AE8A00E2979BAA3006D5582 /* BeerMock.swift in Sources */,
				7AE89FF329798F1E006D5582 /* ContentView.swift in Sources */,
				7AE8A00C2979A468006D5582 /* Beer.swift in Sources */,
				7AE89FFD29798F1F006D5582 /* TheBrewBoard.xcdatamodeld in Sources */,
				7AE89FF129798F1E006D5582 /* TheBrewBoardApp.swift in Sources */,
				7AE8A0152979C264006D5582 /* RequestProtocol.swift in Sources */,
				7AE8A0172979C41C006D5582 /* RequestType.swift in Sources */,
			);
			runOnlyForDeploymentPostprocessing = 0;
		};
/* End PBXSourcesBuildPhase section */

/* Begin XCBuildConfiguration section */
		7AE89FFE29798F1F006D5582 /* Debug */ = {
			isa = XCBuildConfiguration;
			buildSettings = {
				ALWAYS_SEARCH_USER_PATHS = NO;
				CLANG_ANALYZER_NONNULL = YES;
				CLANG_ANALYZER_NUMBER_OBJECT_CONVERSION = YES_AGGRESSIVE;
				CLANG_CXX_LANGUAGE_STANDARD = "gnu++20";
				CLANG_ENABLE_MODULES = YES;
				CLANG_ENABLE_OBJC_ARC = YES;
				CLANG_ENABLE_OBJC_WEAK = YES;
				CLANG_WARN_BLOCK_CAPTURE_AUTORELEASING = YES;
				CLANG_WARN_BOOL_CONVERSION = YES;
				CLANG_WARN_COMMA = YES;
				CLANG_WARN_CONSTANT_CONVERSION = YES;
				CLANG_WARN_DEPRECATED_OBJC_IMPLEMENTATIONS = YES;
				CLANG_WARN_DIRECT_OBJC_ISA_USAGE = YES_ERROR;
				CLANG_WARN_DOCUMENTATION_COMMENTS = YES;
				CLANG_WARN_EMPTY_BODY = YES;
				CLANG_WARN_ENUM_CONVERSION = YES;
				CLANG_WARN_INFINITE_RECURSION = YES;
				CLANG_WARN_INT_CONVERSION = YES;
				CLANG_WARN_NON_LITERAL_NULL_CONVERSION = YES;
				CLANG_WARN_OBJC_IMPLICIT_RETAIN_SELF = YES;
				CLANG_WARN_OBJC_LITERAL_CONVERSION = YES;
				CLANG_WARN_OBJC_ROOT_CLASS = YES_ERROR;
				CLANG_WARN_QUOTED_INCLUDE_IN_FRAMEWORK_HEADER = YES;
				CLANG_WARN_RANGE_LOOP_ANALYSIS = YES;
				CLANG_WARN_STRICT_PROTOTYPES = YES;
				CLANG_WARN_SUSPICIOUS_MOVE = YES;
				CLANG_WARN_UNGUARDED_AVAILABILITY = YES_AGGRESSIVE;
				CLANG_WARN_UNREACHABLE_CODE = YES;
				CLANG_WARN__DUPLICATE_METHOD_MATCH = YES;
				COPY_PHASE_STRIP = NO;
				DEBUG_INFORMATION_FORMAT = dwarf;
				ENABLE_STRICT_OBJC_MSGSEND = YES;
				ENABLE_TESTABILITY = YES;
				GCC_C_LANGUAGE_STANDARD = gnu11;
				GCC_DYNAMIC_NO_PIC = NO;
				GCC_NO_COMMON_BLOCKS = YES;
				GCC_OPTIMIZATION_LEVEL = 0;
				GCC_PREPROCESSOR_DEFINITIONS = (
					"DEBUG=1",
					"$(inherited)",
				);
				GCC_WARN_64_TO_32_BIT_CONVERSION = YES;
				GCC_WARN_ABOUT_RETURN_TYPE = YES_ERROR;
				GCC_WARN_UNDECLARED_SELECTOR = YES;
				GCC_WARN_UNINITIALIZED_AUTOS = YES_AGGRESSIVE;
				GCC_WARN_UNUSED_FUNCTION = YES;
				GCC_WARN_UNUSED_VARIABLE = YES;
				IPHONEOS_DEPLOYMENT_TARGET = 16.1;
				MTL_ENABLE_DEBUG_INFO = INCLUDE_SOURCE;
				MTL_FAST_MATH = YES;
				ONLY_ACTIVE_ARCH = YES;
				SDKROOT = iphoneos;
				SWIFT_ACTIVE_COMPILATION_CONDITIONS = DEBUG;
				SWIFT_OPTIMIZATION_LEVEL = "-Onone";
			};
			name = Debug;
		};
		7AE89FFF29798F1F006D5582 /* Release */ = {
			isa = XCBuildConfiguration;
			buildSettings = {
				ALWAYS_SEARCH_USER_PATHS = NO;
				CLANG_ANALYZER_NONNULL = YES;
				CLANG_ANALYZER_NUMBER_OBJECT_CONVERSION = YES_AGGRESSIVE;
				CLANG_CXX_LANGUAGE_STANDARD = "gnu++20";
				CLANG_ENABLE_MODULES = YES;
				CLANG_ENABLE_OBJC_ARC = YES;
				CLANG_ENABLE_OBJC_WEAK = YES;
				CLANG_WARN_BLOCK_CAPTURE_AUTORELEASING = YES;
				CLANG_WARN_BOOL_CONVERSION = YES;
				CLANG_WARN_COMMA = YES;
				CLANG_WARN_CONSTANT_CONVERSION = YES;
				CLANG_WARN_DEPRECATED_OBJC_IMPLEMENTATIONS = YES;
				CLANG_WARN_DIRECT_OBJC_ISA_USAGE = YES_ERROR;
				CLANG_WARN_DOCUMENTATION_COMMENTS = YES;
				CLANG_WARN_EMPTY_BODY = YES;
				CLANG_WARN_ENUM_CONVERSION = YES;
				CLANG_WARN_INFINITE_RECURSION = YES;
				CLANG_WARN_INT_CONVERSION = YES;
				CLANG_WARN_NON_LITERAL_NULL_CONVERSION = YES;
				CLANG_WARN_OBJC_IMPLICIT_RETAIN_SELF = YES;
				CLANG_WARN_OBJC_LITERAL_CONVERSION = YES;
				CLANG_WARN_OBJC_ROOT_CLASS = YES_ERROR;
				CLANG_WARN_QUOTED_INCLUDE_IN_FRAMEWORK_HEADER = YES;
				CLANG_WARN_RANGE_LOOP_ANALYSIS = YES;
				CLANG_WARN_STRICT_PROTOTYPES = YES;
				CLANG_WARN_SUSPICIOUS_MOVE = YES;
				CLANG_WARN_UNGUARDED_AVAILABILITY = YES_AGGRESSIVE;
				CLANG_WARN_UNREACHABLE_CODE = YES;
				CLANG_WARN__DUPLICATE_METHOD_MATCH = YES;
				COPY_PHASE_STRIP = NO;
				DEBUG_INFORMATION_FORMAT = "dwarf-with-dsym";
				ENABLE_NS_ASSERTIONS = NO;
				ENABLE_STRICT_OBJC_MSGSEND = YES;
				GCC_C_LANGUAGE_STANDARD = gnu11;
				GCC_NO_COMMON_BLOCKS = YES;
				GCC_WARN_64_TO_32_BIT_CONVERSION = YES;
				GCC_WARN_ABOUT_RETURN_TYPE = YES_ERROR;
				GCC_WARN_UNDECLARED_SELECTOR = YES;
				GCC_WARN_UNINITIALIZED_AUTOS = YES_AGGRESSIVE;
				GCC_WARN_UNUSED_FUNCTION = YES;
				GCC_WARN_UNUSED_VARIABLE = YES;
				IPHONEOS_DEPLOYMENT_TARGET = 16.1;
				MTL_ENABLE_DEBUG_INFO = NO;
				MTL_FAST_MATH = YES;
				SDKROOT = iphoneos;
				SWIFT_COMPILATION_MODE = wholemodule;
				SWIFT_OPTIMIZATION_LEVEL = "-O";
				VALIDATE_PRODUCT = YES;
			};
			name = Release;
		};
		7AE8A00129798F1F006D5582 /* Debug */ = {
			isa = XCBuildConfiguration;
			buildSettings = {
				ASSETCATALOG_COMPILER_APPICON_NAME = AppIcon;
				ASSETCATALOG_COMPILER_GLOBAL_ACCENT_COLOR_NAME = AccentColor;
				CODE_SIGN_STYLE = Automatic;
				CURRENT_PROJECT_VERSION = 1;
				DEVELOPMENT_ASSET_PATHS = "\"TheBrewBoard/Preview Content\"";
				DEVELOPMENT_TEAM = 9FEWR2KLB5;
				ENABLE_PREVIEWS = YES;
				GENERATE_INFOPLIST_FILE = YES;
				INFOPLIST_KEY_UIApplicationSceneManifest_Generation = YES;
				INFOPLIST_KEY_UIApplicationSupportsIndirectInputEvents = YES;
				INFOPLIST_KEY_UILaunchScreen_Generation = YES;
				INFOPLIST_KEY_UISupportedInterfaceOrientations = UIInterfaceOrientationPortrait;
				INFOPLIST_KEY_UISupportedInterfaceOrientations_iPad = "UIInterfaceOrientationLandscapeLeft UIInterfaceOrientationLandscapeRight UIInterfaceOrientationPortrait UIInterfaceOrientationPortraitUpsideDown";
				LD_RUNPATH_SEARCH_PATHS = (
					"$(inherited)",
					"@executable_path/Frameworks",
				);
				MARKETING_VERSION = 1.0;
				PRODUCT_BUNDLE_IDENTIFIER = com.veryseriouscompany.TheBrewBoard;
				PRODUCT_NAME = "$(TARGET_NAME)";
				SUPPORTED_PLATFORMS = "iphoneos iphonesimulator";
				SUPPORTS_MACCATALYST = NO;
				SUPPORTS_MAC_DESIGNED_FOR_IPHONE_IPAD = NO;
				SWIFT_EMIT_LOC_STRINGS = YES;
				SWIFT_VERSION = 5.0;
				TARGETED_DEVICE_FAMILY = 1;
			};
			name = Debug;
		};
		7AE8A00229798F1F006D5582 /* Release */ = {
			isa = XCBuildConfiguration;
			buildSettings = {
				ASSETCATALOG_COMPILER_APPICON_NAME = AppIcon;
				ASSETCATALOG_COMPILER_GLOBAL_ACCENT_COLOR_NAME = AccentColor;
				CODE_SIGN_STYLE = Automatic;
				CURRENT_PROJECT_VERSION = 1;
				DEVELOPMENT_ASSET_PATHS = "\"TheBrewBoard/Preview Content\"";
				DEVELOPMENT_TEAM = 9FEWR2KLB5;
				ENABLE_PREVIEWS = YES;
				GENERATE_INFOPLIST_FILE = YES;
				INFOPLIST_KEY_UIApplicationSceneManifest_Generation = YES;
				INFOPLIST_KEY_UIApplicationSupportsIndirectInputEvents = YES;
				INFOPLIST_KEY_UILaunchScreen_Generation = YES;
				INFOPLIST_KEY_UISupportedInterfaceOrientations = UIInterfaceOrientationPortrait;
				INFOPLIST_KEY_UISupportedInterfaceOrientations_iPad = "UIInterfaceOrientationLandscapeLeft UIInterfaceOrientationLandscapeRight UIInterfaceOrientationPortrait UIInterfaceOrientationPortraitUpsideDown";
				LD_RUNPATH_SEARCH_PATHS = (
					"$(inherited)",
					"@executable_path/Frameworks",
				);
				MARKETING_VERSION = 1.0;
				PRODUCT_BUNDLE_IDENTIFIER = com.veryseriouscompany.TheBrewBoard;
				PRODUCT_NAME = "$(TARGET_NAME)";
				SUPPORTED_PLATFORMS = "iphoneos iphonesimulator";
				SUPPORTS_MACCATALYST = NO;
				SUPPORTS_MAC_DESIGNED_FOR_IPHONE_IPAD = NO;
				SWIFT_EMIT_LOC_STRINGS = YES;
				SWIFT_VERSION = 5.0;
				TARGETED_DEVICE_FAMILY = 1;
			};
			name = Release;
		};
/* End XCBuildConfiguration section */

/* Begin XCConfigurationList section */
		7AE89FE829798F1E006D5582 /* Build configuration list for PBXProject "TheBrewBoard" */ = {
			isa = XCConfigurationList;
			buildConfigurations = (
				7AE89FFE29798F1F006D5582 /* Debug */,
				7AE89FFF29798F1F006D5582 /* Release */,
			);
			defaultConfigurationIsVisible = 0;
			defaultConfigurationName = Release;
		};
		7AE8A00029798F1F006D5582 /* Build configuration list for PBXNativeTarget "TheBrewBoard" */ = {
			isa = XCConfigurationList;
			buildConfigurations = (
				7AE8A00129798F1F006D5582 /* Debug */,
				7AE8A00229798F1F006D5582 /* Release */,
			);
			defaultConfigurationIsVisible = 0;
			defaultConfigurationName = Release;
		};
/* End XCConfigurationList section */

/* Begin XCVersionGroup section */
		7AE89FFB29798F1F006D5582 /* TheBrewBoard.xcdatamodeld */ = {
			isa = XCVersionGroup;
			children = (
				7AE89FFC29798F1F006D5582 /* TheBrewBoard.xcdatamodel */,
			);
			currentVersion = 7AE89FFC29798F1F006D5582 /* TheBrewBoard.xcdatamodel */;
			path = TheBrewBoard.xcdatamodeld;
			sourceTree = "<group>";
			versionGroupType = wrapper.xcdatamodel;
		};
/* End XCVersionGroup section */
	};
	rootObject = 7AE89FE529798F1E006D5582 /* Project object */;
}
